
Microsoft Visual Studio Solution File, Format Version 12.00
# Visual Studio Version 17
VisualStudioVersion = 17.0.31903.59
MinimumVisualStudioVersion = 10.0.40219.1
Project("{FAE04EC0-301F-11D3-BF4B-00C04F79EFBC}") = "RideShare", "RideShare.csproj", "{6B0B0135-3ECD-412B-A649-DC1D04172062}"
EndProject
Project("{FAE04EC0-301F-11D3-BF4B-00C04F79EFBC}") = "TestProject", "TestProject\TestProject.csproj", "{27521EB2-9183-4237-A7D1-30957022E441}"
EndProject
Global
	GlobalSection(SolutionConfigurationPlatforms) = preSolution
		Debug|Any CPU = Debug|Any CPU
		Release|Any CPU = Release|Any CPU
	EndGlobalSection
	GlobalSection(SolutionProperties) = preSolution
		HideSolutionNode = FALSE
	EndGlobalSection
	GlobalSection(ProjectConfigurationPlatforms) = postSolution
		{6B0B0135-3ECD-412B-A649-DC1D04172062}.Debug|Any CPU.ActiveCfg = Debug|Any CPU
		{6B0B0135-3ECD-412B-A649-DC1D04172062}.Debug|Any CPU.Build.0 = Debug|Any CPU
		{6B0B0135-3ECD-412B-A649-DC1D04172062}.Release|Any CPU.ActiveCfg = Release|Any CPU
		{6B0B0135-3ECD-412B-A649-DC1D04172062}.Release|Any CPU.Build.0 = Release|Any CPU
		{27521EB2-9183-4237-A7D1-30957022E441}.Debug|Any CPU.ActiveCfg = Debug|Any CPU
		{27521EB2-9183-4237-A7D1-30957022E441}.Debug|Any CPU.Build.0 = Debug|Any CPU
		{27521EB2-9183-4237-A7D1-30957022E441}.Release|Any CPU.ActiveCfg = Release|Any CPU
		{27521EB2-9183-4237-A7D1-30957022E441}.Release|Any CPU.Build.0 = Release|Any CPU
	EndGlobalSection
EndGlobal
