
Microsoft Visual Studio Solution File, Format Version 12.00
# Visual Studio Version 17
VisualStudioVersion = 17.0.31903.59
MinimumVisualStudioVersion = 10.0.40219.1
Project("{FAE04EC0-301F-11D3-BF4B-00C04F79EFBC}") = "dotnetapp", "dotnetapp\dotnetapp.csproj", "{E07E4799-5AB7-47B6-BF0B-935CAE94AF7E}"
EndProject
Project("{FAE04EC0-301F-11D3-BF4B-00C04F79EFBC}") = "TestProject", "TestProject\TestProject.csproj", "{206B8B0F-7E3B-4477-BAB6-03E041A8D487}"
EndProject
Global
	GlobalSection(SolutionConfigurationPlatforms) = preSolution
		Debug|Any CPU = Debug|Any CPU
		Release|Any CPU = Release|Any CPU
	EndGlobalSection
	GlobalSection(SolutionProperties) = preSolution
		HideSolutionNode = FALSE
	EndGlobalSection
	GlobalSection(ProjectConfigurationPlatforms) = postSolution
		{E07E4799-5AB7-47B6-BF0B-935CAE94AF7E}.Debug|Any CPU.ActiveCfg = Debug|Any CPU
		{E07E4799-5AB7-47B6-BF0B-935CAE94AF7E}.Debug|Any CPU.Build.0 = Debug|Any CPU
		{E07E4799-5AB7-47B6-BF0B-935CAE94AF7E}.Release|Any CPU.ActiveCfg = Release|Any CPU
		{E07E4799-5AB7-47B6-BF0B-935CAE94AF7E}.Release|Any CPU.Build.0 = Release|Any CPU
		{206B8B0F-7E3B-4477-BAB6-03E041A8D487}.Debug|Any CPU.ActiveCfg = Debug|Any CPU
		{206B8B0F-7E3B-4477-BAB6-03E041A8D487}.Debug|Any CPU.Build.0 = Debug|Any CPU
		{206B8B0F-7E3B-4477-BAB6-03E041A8D487}.Release|Any CPU.ActiveCfg = Release|Any CPU
		{206B8B0F-7E3B-4477-BAB6-03E041A8D487}.Release|Any CPU.Build.0 = Release|Any CPU
	EndGlobalSection
EndGlobal
